// !$*UTF8*$!
{
	archiveVersion = 1;
	classes = {
	};
	objectVersion = 46;
	objects = {

/* Begin PBXBuildFile section */
		D3A34AD214D87FCD00291432 /* Badge.m in Sources */ = {isa = PBXBuildFile; fileRef = D3A34AC414D87FCD00291432 /* Badge.m */; };
		D3A34AD314D87FCD00291432 /* ChildBrowser.bundle in Resources */ = {isa = PBXBuildFile; fileRef = D3A34AC614D87FCD00291432 /* ChildBrowser.bundle */; };
		D3A34AD414D87FCD00291432 /* ChildBrowserCommand.m in Sources */ = {isa = PBXBuildFile; fileRef = D3A34AC814D87FCD00291432 /* ChildBrowserCommand.m */; };
		D3A34AD514D87FCD00291432 /* ChildBrowserViewController.m in Sources */ = {isa = PBXBuildFile; fileRef = D3A34ACA14D87FCD00291432 /* ChildBrowserViewController.m */; };
		D3A34AD614D87FCD00291432 /* ChildBrowserViewController.xib in Resources */ = {isa = PBXBuildFile; fileRef = D3A34ACB14D87FCD00291432 /* ChildBrowserViewController.xib */; };
		D3A34AD714D87FCD00291432 /* NativeControls.m in Sources */ = {isa = PBXBuildFile; fileRef = D3A34ACE14D87FCD00291432 /* NativeControls.m */; };
		D3A34AD814D87FCD00291432 /* PGNavigationBar.xib in Resources */ = {isa = PBXBuildFile; fileRef = D3A34ACF14D87FCD00291432 /* PGNavigationBar.xib */; };
		D3A34AD914D87FCD00291432 /* PGNavigationBarController.m in Sources */ = {isa = PBXBuildFile; fileRef = D3A34AD114D87FCD00291432 /* PGNavigationBarController.m */; };
		D3E27C7F14C47C9700B8564F /* Foundation.framework in Frameworks */ = {isa = PBXBuildFile; fileRef = D3E27C7E14C47C9700B8564F /* Foundation.framework */; };
		D3E27C8114C47C9700B8564F /* UIKit.framework in Frameworks */ = {isa = PBXBuildFile; fileRef = D3E27C8014C47C9700B8564F /* UIKit.framework */; };
		D3E27C8314C47C9700B8564F /* CoreGraphics.framework in Frameworks */ = {isa = PBXBuildFile; fileRef = D3E27C8214C47C9700B8564F /* CoreGraphics.framework */; };
		D3E27C8514C47C9700B8564F /* AddressBook.framework in Frameworks */ = {isa = PBXBuildFile; fileRef = D3E27C8414C47C9700B8564F /* AddressBook.framework */; };
		D3E27C8714C47C9700B8564F /* AddressBookUI.framework in Frameworks */ = {isa = PBXBuildFile; fileRef = D3E27C8614C47C9700B8564F /* AddressBookUI.framework */; };
		D3E27C8914C47C9700B8564F /* AudioToolbox.framework in Frameworks */ = {isa = PBXBuildFile; fileRef = D3E27C8814C47C9700B8564F /* AudioToolbox.framework */; };
		D3E27C8B14C47C9700B8564F /* AVFoundation.framework in Frameworks */ = {isa = PBXBuildFile; fileRef = D3E27C8A14C47C9700B8564F /* AVFoundation.framework */; };
		D3E27C8D14C47C9700B8564F /* CoreLocation.framework in Frameworks */ = {isa = PBXBuildFile; fileRef = D3E27C8C14C47C9700B8564F /* CoreLocation.framework */; };
		D3E27C8F14C47C9700B8564F /* MediaPlayer.framework in Frameworks */ = {isa = PBXBuildFile; fileRef = D3E27C8E14C47C9700B8564F /* MediaPlayer.framework */; };
		D3E27C9114C47C9700B8564F /* QuartzCore.framework in Frameworks */ = {isa = PBXBuildFile; fileRef = D3E27C9014C47C9700B8564F /* QuartzCore.framework */; };
		D3E27C9314C47C9700B8564F /* SystemConfiguration.framework in Frameworks */ = {isa = PBXBuildFile; fileRef = D3E27C9214C47C9700B8564F /* SystemConfiguration.framework */; };
		D3E27C9514C47C9700B8564F /* MobileCoreServices.framework in Frameworks */ = {isa = PBXBuildFile; fileRef = D3E27C9414C47C9700B8564F /* MobileCoreServices.framework */; };
		D3E27C9714C47C9700B8564F /* CoreMedia.framework in Frameworks */ = {isa = PBXBuildFile; fileRef = D3E27C9614C47C9700B8564F /* CoreMedia.framework */; };
		D3E27C9D14C47C9700B8564F /* InfoPlist.strings in Resources */ = {isa = PBXBuildFile; fileRef = D3E27C9B14C47C9700B8564F /* InfoPlist.strings */; };
		D3E27C9F14C47C9700B8564F /* main.m in Sources */ = {isa = PBXBuildFile; fileRef = D3E27C9E14C47C9700B8564F /* main.m */; };
		D3E27CA214C47C9700B8564F /* PhoneGap.framework in Frameworks */ = {isa = PBXBuildFile; fileRef = D3E27CA114C47C9700B8564F /* PhoneGap.framework */; };
		D3E27CA714C47C9700B8564F /* Localizable.strings in Resources */ = {isa = PBXBuildFile; fileRef = D3E27CA514C47C9700B8564F /* Localizable.strings */; };
		D3E27CAB14C47C9700B8564F /* Localizable.strings in Resources */ = {isa = PBXBuildFile; fileRef = D3E27CA914C47C9700B8564F /* Localizable.strings */; };
		D3E27CAE14C47C9700B8564F /* icon.png in Resources */ = {isa = PBXBuildFile; fileRef = D3E27CAD14C47C9700B8564F /* icon.png */; };
		D3E27CB014C47C9700B8564F /* icon@2x.png in Resources */ = {isa = PBXBuildFile; fileRef = D3E27CAF14C47C9700B8564F /* icon@2x.png */; };
		D3E27CB214C47C9700B8564F /* icon-72.png in Resources */ = {isa = PBXBuildFile; fileRef = D3E27CB114C47C9700B8564F /* icon-72.png */; };
		D3E27CB514C47C9700B8564F /* Default.png in Resources */ = {isa = PBXBuildFile; fileRef = D3E27CB414C47C9700B8564F /* Default.png */; };
		D3E27CB714C47C9700B8564F /* Default@2x.png in Resources */ = {isa = PBXBuildFile; fileRef = D3E27CB614C47C9700B8564F /* Default@2x.png */; };
		D3E27CB914C47C9700B8564F /* Capture.bundle in Resources */ = {isa = PBXBuildFile; fileRef = D3E27CB814C47C9700B8564F /* Capture.bundle */; };
		D3E27CBB14C47C9700B8564F /* PhoneGap.plist in Resources */ = {isa = PBXBuildFile; fileRef = D3E27CBA14C47C9700B8564F /* PhoneGap.plist */; };
		D3E27CBF14C47C9700B8564F /* AppDelegate.m in Sources */ = {isa = PBXBuildFile; fileRef = D3E27CBE14C47C9700B8564F /* AppDelegate.m */; };
		D3E27CC814C47D1B00B8564F /* www in Resources */ = {isa = PBXBuildFile; fileRef = D3E27CC714C47D1B00B8564F /* www */; };
/* End PBXBuildFile section */

/* Begin PBXFileReference section */
		D3A34AC314D87FCD00291432 /* Badge.h */ = {isa = PBXFileReference; fileEncoding = 4; lastKnownFileType = sourcecode.c.h; path = Badge.h; sourceTree = "<group>"; };
		D3A34AC414D87FCD00291432 /* Badge.m */ = {isa = PBXFileReference; fileEncoding = 4; lastKnownFileType = sourcecode.c.objc; path = Badge.m; sourceTree = "<group>"; };
		D3A34AC614D87FCD00291432 /* ChildBrowser.bundle */ = {isa = PBXFileReference; lastKnownFileType = "wrapper.plug-in"; path = ChildBrowser.bundle; sourceTree = "<group>"; };
		D3A34AC714D87FCD00291432 /* ChildBrowserCommand.h */ = {isa = PBXFileReference; fileEncoding = 4; lastKnownFileType = sourcecode.c.h; path = ChildBrowserCommand.h; sourceTree = "<group>"; };
		D3A34AC814D87FCD00291432 /* ChildBrowserCommand.m */ = {isa = PBXFileReference; fileEncoding = 4; lastKnownFileType = sourcecode.c.objc; path = ChildBrowserCommand.m; sourceTree = "<group>"; };
		D3A34AC914D87FCD00291432 /* ChildBrowserViewController.h */ = {isa = PBXFileReference; fileEncoding = 4; lastKnownFileType = sourcecode.c.h; path = ChildBrowserViewController.h; sourceTree = "<group>"; };
		D3A34ACA14D87FCD00291432 /* ChildBrowserViewController.m */ = {isa = PBXFileReference; fileEncoding = 4; lastKnownFileType = sourcecode.c.objc; path = ChildBrowserViewController.m; sourceTree = "<group>"; };
		D3A34ACB14D87FCD00291432 /* ChildBrowserViewController.xib */ = {isa = PBXFileReference; fileEncoding = 4; lastKnownFileType = file.xib; path = ChildBrowserViewController.xib; sourceTree = "<group>"; };
		D3A34ACD14D87FCD00291432 /* NativeControls.h */ = {isa = PBXFileReference; fileEncoding = 4; lastKnownFileType = sourcecode.c.h; path = NativeControls.h; sourceTree = "<group>"; };
		D3A34ACE14D87FCD00291432 /* NativeControls.m */ = {isa = PBXFileReference; fileEncoding = 4; lastKnownFileType = sourcecode.c.objc; path = NativeControls.m; sourceTree = "<group>"; };
		D3A34ACF14D87FCD00291432 /* PGNavigationBar.xib */ = {isa = PBXFileReference; fileEncoding = 4; lastKnownFileType = file.xib; path = PGNavigationBar.xib; sourceTree = "<group>"; };
		D3A34AD014D87FCD00291432 /* PGNavigationBarController.h */ = {isa = PBXFileReference; fileEncoding = 4; lastKnownFileType = sourcecode.c.h; path = PGNavigationBarController.h; sourceTree = "<group>"; };
		D3A34AD114D87FCD00291432 /* PGNavigationBarController.m */ = {isa = PBXFileReference; fileEncoding = 4; lastKnownFileType = sourcecode.c.objc; path = PGNavigationBarController.m; sourceTree = "<group>"; };
		D3E27C7A14C47C9700B8564F /* Disaster Response.app */ = {isa = PBXFileReference; explicitFileType = wrapper.application; includeInIndex = 0; path = "Disaster Response.app"; sourceTree = BUILT_PRODUCTS_DIR; };
		D3E27C7E14C47C9700B8564F /* Foundation.framework */ = {isa = PBXFileReference; lastKnownFileType = wrapper.framework; name = Foundation.framework; path = System/Library/Frameworks/Foundation.framework; sourceTree = SDKROOT; };
		D3E27C8014C47C9700B8564F /* UIKit.framework */ = {isa = PBXFileReference; lastKnownFileType = wrapper.framework; name = UIKit.framework; path = System/Library/Frameworks/UIKit.framework; sourceTree = SDKROOT; };
		D3E27C8214C47C9700B8564F /* CoreGraphics.framework */ = {isa = PBXFileReference; lastKnownFileType = wrapper.framework; name = CoreGraphics.framework; path = System/Library/Frameworks/CoreGraphics.framework; sourceTree = SDKROOT; };
		D3E27C8414C47C9700B8564F /* AddressBook.framework */ = {isa = PBXFileReference; lastKnownFileType = wrapper.framework; name = AddressBook.framework; path = System/Library/Frameworks/AddressBook.framework; sourceTree = SDKROOT; };
		D3E27C8614C47C9700B8564F /* AddressBookUI.framework */ = {isa = PBXFileReference; lastKnownFileType = wrapper.framework; name = AddressBookUI.framework; path = System/Library/Frameworks/AddressBookUI.framework; sourceTree = SDKROOT; };
		D3E27C8814C47C9700B8564F /* AudioToolbox.framework */ = {isa = PBXFileReference; lastKnownFileType = wrapper.framework; name = AudioToolbox.framework; path = System/Library/Frameworks/AudioToolbox.framework; sourceTree = SDKROOT; };
		D3E27C8A14C47C9700B8564F /* AVFoundation.framework */ = {isa = PBXFileReference; lastKnownFileType = wrapper.framework; name = AVFoundation.framework; path = System/Library/Frameworks/AVFoundation.framework; sourceTree = SDKROOT; };
		D3E27C8C14C47C9700B8564F /* CoreLocation.framework */ = {isa = PBXFileReference; lastKnownFileType = wrapper.framework; name = CoreLocation.framework; path = System/Library/Frameworks/CoreLocation.framework; sourceTree = SDKROOT; };
		D3E27C8E14C47C9700B8564F /* MediaPlayer.framework */ = {isa = PBXFileReference; lastKnownFileType = wrapper.framework; name = MediaPlayer.framework; path = System/Library/Frameworks/MediaPlayer.framework; sourceTree = SDKROOT; };
		D3E27C9014C47C9700B8564F /* QuartzCore.framework */ = {isa = PBXFileReference; lastKnownFileType = wrapper.framework; name = QuartzCore.framework; path = System/Library/Frameworks/QuartzCore.framework; sourceTree = SDKROOT; };
		D3E27C9214C47C9700B8564F /* SystemConfiguration.framework */ = {isa = PBXFileReference; lastKnownFileType = wrapper.framework; name = SystemConfiguration.framework; path = System/Library/Frameworks/SystemConfiguration.framework; sourceTree = SDKROOT; };
		D3E27C9414C47C9700B8564F /* MobileCoreServices.framework */ = {isa = PBXFileReference; lastKnownFileType = wrapper.framework; name = MobileCoreServices.framework; path = System/Library/Frameworks/MobileCoreServices.framework; sourceTree = SDKROOT; };
		D3E27C9614C47C9700B8564F /* CoreMedia.framework */ = {isa = PBXFileReference; lastKnownFileType = wrapper.framework; name = CoreMedia.framework; path = System/Library/Frameworks/CoreMedia.framework; sourceTree = SDKROOT; };
		D3E27C9A14C47C9700B8564F /* Disaster Response-Info.plist */ = {isa = PBXFileReference; lastKnownFileType = text.plist.xml; path = "Disaster Response-Info.plist"; sourceTree = "<group>"; };
		D3E27C9C14C47C9700B8564F /* en */ = {isa = PBXFileReference; lastKnownFileType = text.plist.strings; name = en; path = en.lproj/InfoPlist.strings; sourceTree = "<group>"; };
		D3E27C9E14C47C9700B8564F /* main.m */ = {isa = PBXFileReference; lastKnownFileType = sourcecode.c.objc; path = main.m; sourceTree = "<group>"; };
		D3E27CA014C47C9700B8564F /* Disaster Response-Prefix.pch */ = {isa = PBXFileReference; lastKnownFileType = sourcecode.c.h; path = "Disaster Response-Prefix.pch"; sourceTree = "<group>"; };
		D3E27CA114C47C9700B8564F /* PhoneGap.framework */ = {isa = PBXFileReference; lastKnownFileType = wrapper.framework; name = PhoneGap.framework; path = /Users/Shared/PhoneGap/Frameworks/PhoneGap.framework; sourceTree = "<absolute>"; };
		D3E27CA614C47C9700B8564F /* en */ = {isa = PBXFileReference; lastKnownFileType = text.plist.strings; name = en; path = Resources/en.lproj/Localizable.strings; sourceTree = "<group>"; };
		D3E27CAA14C47C9700B8564F /* es */ = {isa = PBXFileReference; lastKnownFileType = text.plist.strings; name = es; path = Resources/es.lproj/Localizable.strings; sourceTree = "<group>"; };
		D3E27CAD14C47C9700B8564F /* icon.png */ = {isa = PBXFileReference; lastKnownFileType = image.png; name = icon.png; path = Resources/icons/icon.png; sourceTree = "<group>"; };
		D3E27CAF14C47C9700B8564F /* icon@2x.png */ = {isa = PBXFileReference; lastKnownFileType = image.png; name = "icon@2x.png"; path = "Resources/icons/icon@2x.png"; sourceTree = "<group>"; };
		D3E27CB114C47C9700B8564F /* icon-72.png */ = {isa = PBXFileReference; lastKnownFileType = image.png; name = "icon-72.png"; path = "Resources/icons/icon-72.png"; sourceTree = "<group>"; };
		D3E27CB414C47C9700B8564F /* Default.png */ = {isa = PBXFileReference; lastKnownFileType = image.png; name = Default.png; path = Resources/splash/Default.png; sourceTree = "<group>"; };
		D3E27CB614C47C9700B8564F /* Default@2x.png */ = {isa = PBXFileReference; lastKnownFileType = image.png; name = "Default@2x.png"; path = "Resources/splash/Default@2x.png"; sourceTree = "<group>"; };
		D3E27CB814C47C9700B8564F /* Capture.bundle */ = {isa = PBXFileReference; lastKnownFileType = "wrapper.plug-in"; name = Capture.bundle; path = Resources/Capture.bundle; sourceTree = "<group>"; };
		D3E27CBA14C47C9700B8564F /* PhoneGap.plist */ = {isa = PBXFileReference; lastKnownFileType = text.plist.xml; path = PhoneGap.plist; sourceTree = "<group>"; };
		D3E27CBD14C47C9700B8564F /* AppDelegate.h */ = {isa = PBXFileReference; lastKnownFileType = sourcecode.c.h; name = AppDelegate.h; path = Classes/AppDelegate.h; sourceTree = "<group>"; };
		D3E27CBE14C47C9700B8564F /* AppDelegate.m */ = {isa = PBXFileReference; lastKnownFileType = sourcecode.c.objc; name = AppDelegate.m; path = Classes/AppDelegate.m; sourceTree = "<group>"; };
		D3E27CC114C47C9700B8564F /* README */ = {isa = PBXFileReference; lastKnownFileType = text; name = README; path = Plugins/README; sourceTree = "<group>"; };
		D3E27CC714C47D1B00B8564F /* www */ = {isa = PBXFileReference; lastKnownFileType = folder; path = www; sourceTree = "<group>"; };
/* End PBXFileReference section */

/* Begin PBXFrameworksBuildPhase section */
		D3E27C7414C47C9700B8564F /* Frameworks */ = {
			isa = PBXFrameworksBuildPhase;
			buildActionMask = 2147483647;
			files = (
				D3E27C7F14C47C9700B8564F /* Foundation.framework in Frameworks */,
				D3E27C8114C47C9700B8564F /* UIKit.framework in Frameworks */,
				D3E27C8314C47C9700B8564F /* CoreGraphics.framework in Frameworks */,
				D3E27C8514C47C9700B8564F /* AddressBook.framework in Frameworks */,
				D3E27C8714C47C9700B8564F /* AddressBookUI.framework in Frameworks */,
				D3E27C8914C47C9700B8564F /* AudioToolbox.framework in Frameworks */,
				D3E27C8B14C47C9700B8564F /* AVFoundation.framework in Frameworks */,
				D3E27C8D14C47C9700B8564F /* CoreLocation.framework in Frameworks */,
				D3E27C8F14C47C9700B8564F /* MediaPlayer.framework in Frameworks */,
				D3E27C9114C47C9700B8564F /* QuartzCore.framework in Frameworks */,
				D3E27C9314C47C9700B8564F /* SystemConfiguration.framework in Frameworks */,
				D3E27C9514C47C9700B8564F /* MobileCoreServices.framework in Frameworks */,
				D3E27C9714C47C9700B8564F /* CoreMedia.framework in Frameworks */,
				D3E27CA214C47C9700B8564F /* PhoneGap.framework in Frameworks */,
			);
			runOnlyForDeploymentPostprocessing = 0;
		};
		D3E27C7714C47C9700B8564F /* Frameworks */ = {
			isa = PBXFrameworksBuildPhase;
			buildActionMask = 2147483647;
			files = (
			);
			runOnlyForDeploymentPostprocessing = 0;
		};
/* End PBXFrameworksBuildPhase section */

/* Begin PBXGroup section */
		D3A34AC214D87FCD00291432 /* Badge */ = {
			isa = PBXGroup;
			children = (
				D3A34AC314D87FCD00291432 /* Badge.h */,
				D3A34AC414D87FCD00291432 /* Badge.m */,
			);
			name = Badge;
			path = Plugins/Badge;
			sourceTree = "<group>";
		};
		D3A34AC514D87FCD00291432 /* ChildBrowser */ = {
			isa = PBXGroup;
			children = (
				D3A34AC614D87FCD00291432 /* ChildBrowser.bundle */,
				D3A34AC714D87FCD00291432 /* ChildBrowserCommand.h */,
				D3A34AC814D87FCD00291432 /* ChildBrowserCommand.m */,
				D3A34AC914D87FCD00291432 /* ChildBrowserViewController.h */,
				D3A34ACA14D87FCD00291432 /* ChildBrowserViewController.m */,
				D3A34ACB14D87FCD00291432 /* ChildBrowserViewController.xib */,
			);
			name = ChildBrowser;
			path = Plugins/ChildBrowser;
			sourceTree = "<group>";
		};
		D3A34ACC14D87FCD00291432 /* NativeControls */ = {
			isa = PBXGroup;
			children = (
				D3A34ACD14D87FCD00291432 /* NativeControls.h */,
				D3A34ACE14D87FCD00291432 /* NativeControls.m */,
				D3A34ACF14D87FCD00291432 /* PGNavigationBar.xib */,
				D3A34AD014D87FCD00291432 /* PGNavigationBarController.h */,
				D3A34AD114D87FCD00291432 /* PGNavigationBarController.m */,
			);
			name = NativeControls;
			path = Plugins/NativeControls;
			sourceTree = "<group>";
		};
		D3E27C6C14C47C9700B8564F = {
			isa = PBXGroup;
			children = (
				D3E27CC714C47D1B00B8564F /* www */,
				D3E27C9814C47C9700B8564F /* Disaster Response */,
				D3E27C7D14C47C9700B8564F /* Frameworks */,
				D3E27C7B14C47C9700B8564F /* Products */,
			);
			sourceTree = "<group>";
		};
		D3E27C7B14C47C9700B8564F /* Products */ = {
			isa = PBXGroup;
			children = (
				D3E27C7A14C47C9700B8564F /* Disaster Response.app */,
			);
			name = Products;
			sourceTree = "<group>";
		};
		D3E27C7D14C47C9700B8564F /* Frameworks */ = {
			isa = PBXGroup;
			children = (
				D3E27C7E14C47C9700B8564F /* Foundation.framework */,
				D3E27C8014C47C9700B8564F /* UIKit.framework */,
				D3E27C8214C47C9700B8564F /* CoreGraphics.framework */,
				D3E27C8414C47C9700B8564F /* AddressBook.framework */,
				D3E27C8614C47C9700B8564F /* AddressBookUI.framework */,
				D3E27C8814C47C9700B8564F /* AudioToolbox.framework */,
				D3E27C8A14C47C9700B8564F /* AVFoundation.framework */,
				D3E27C8C14C47C9700B8564F /* CoreLocation.framework */,
				D3E27C8E14C47C9700B8564F /* MediaPlayer.framework */,
				D3E27C9014C47C9700B8564F /* QuartzCore.framework */,
				D3E27C9214C47C9700B8564F /* SystemConfiguration.framework */,
				D3E27C9414C47C9700B8564F /* MobileCoreServices.framework */,
				D3E27C9614C47C9700B8564F /* CoreMedia.framework */,
			);
			name = Frameworks;
			sourceTree = "<group>";
		};
		D3E27C9814C47C9700B8564F /* Disaster Response */ = {
			isa = PBXGroup;
			children = (
				D3E27CA114C47C9700B8564F /* PhoneGap.framework */,
				D3E27CA314C47C9700B8564F /* Resources */,
				D3E27CBC14C47C9700B8564F /* Classes */,
				D3E27CC014C47C9700B8564F /* Plugins */,
				D3E27C9914C47C9700B8564F /* Supporting Files */,
			);
			path = "Disaster Response";
			sourceTree = "<group>";
		};
		D3E27C9914C47C9700B8564F /* Supporting Files */ = {
			isa = PBXGroup;
			children = (
				D3E27C9A14C47C9700B8564F /* Disaster Response-Info.plist */,
				D3E27C9B14C47C9700B8564F /* InfoPlist.strings */,
				D3E27C9E14C47C9700B8564F /* main.m */,
				D3E27CA014C47C9700B8564F /* Disaster Response-Prefix.pch */,
				D3E27CBA14C47C9700B8564F /* PhoneGap.plist */,
			);
			name = "Supporting Files";
			sourceTree = "<group>";
		};
		D3E27CA314C47C9700B8564F /* Resources */ = {
			isa = PBXGroup;
			children = (
				D3E27CB814C47C9700B8564F /* Capture.bundle */,
				D3E27CA414C47C9700B8564F /* en.lproj */,
				D3E27CA814C47C9700B8564F /* es.lproj */,
				D3E27CAC14C47C9700B8564F /* icons */,
				D3E27CB314C47C9700B8564F /* splash */,
			);
			name = Resources;
			sourceTree = "<group>";
		};
		D3E27CA414C47C9700B8564F /* en.lproj */ = {
			isa = PBXGroup;
			children = (
				D3E27CA514C47C9700B8564F /* Localizable.strings */,
			);
			name = en.lproj;
			sourceTree = "<group>";
		};
		D3E27CA814C47C9700B8564F /* es.lproj */ = {
			isa = PBXGroup;
			children = (
				D3E27CA914C47C9700B8564F /* Localizable.strings */,
			);
			name = es.lproj;
			sourceTree = "<group>";
		};
		D3E27CAC14C47C9700B8564F /* icons */ = {
			isa = PBXGroup;
			children = (
				D3E27CAD14C47C9700B8564F /* icon.png */,
				D3E27CAF14C47C9700B8564F /* icon@2x.png */,
				D3E27CB114C47C9700B8564F /* icon-72.png */,
			);
			name = icons;
			sourceTree = "<group>";
		};
		D3E27CB314C47C9700B8564F /* splash */ = {
			isa = PBXGroup;
			children = (
				D3E27CB414C47C9700B8564F /* Default.png */,
				D3E27CB614C47C9700B8564F /* Default@2x.png */,
			);
			name = splash;
			sourceTree = "<group>";
		};
		D3E27CBC14C47C9700B8564F /* Classes */ = {
			isa = PBXGroup;
			children = (
				D3E27CBD14C47C9700B8564F /* AppDelegate.h */,
				D3E27CBE14C47C9700B8564F /* AppDelegate.m */,
			);
			name = Classes;
			sourceTree = "<group>";
		};
		D3E27CC014C47C9700B8564F /* Plugins */ = {
			isa = PBXGroup;
			children = (
				D3A34AC214D87FCD00291432 /* Badge */,
				D3A34AC514D87FCD00291432 /* ChildBrowser */,
				D3A34ACC14D87FCD00291432 /* NativeControls */,
				D3E27CC114C47C9700B8564F /* README */,
			);
			name = Plugins;
			sourceTree = "<group>";
		};
/* End PBXGroup section */

/* Begin PBXNativeTarget section */
		D3E27C7914C47C9700B8564F /* Disaster Response */ = {
			isa = PBXNativeTarget;
			buildConfigurationList = D3E27CC414C47C9700B8564F /* Build configuration list for PBXNativeTarget "Disaster Response" */;
			buildPhases = (
				D3E27C7314C47C9700B8564F /* Sources */,
				D3E27C7414C47C9700B8564F /* Frameworks */,
				D3E27C7514C47C9700B8564F /* Resources */,
				D3E27C7614C47C9700B8564F /* Sources */,
				D3E27C7714C47C9700B8564F /* Frameworks */,
				D3E27C7814C47C9700B8564F /* ShellScript */,
			);
			buildRules = (
			);
			dependencies = (
			);
			name = "Disaster Response";
			productName = "Disaster Response";
			productReference = D3E27C7A14C47C9700B8564F /* Disaster Response.app */;
			productType = "com.apple.product-type.application";
		};
/* End PBXNativeTarget section */

/* Begin PBXProject section */
		D3E27C6E14C47C9700B8564F /* Project object */ = {
			isa = PBXProject;
			attributes = {
				LastUpgradeCheck = 0420;
			};
			buildConfigurationList = D3E27C7114C47C9700B8564F /* Build configuration list for PBXProject "Disaster Response" */;
			compatibilityVersion = "Xcode 3.2";
			developmentRegion = English;
			hasScannedForEncodings = 0;
			knownRegions = (
				en,
				es,
			);
			mainGroup = D3E27C6C14C47C9700B8564F;
			productRefGroup = D3E27C7B14C47C9700B8564F /* Products */;
			projectDirPath = "";
			projectRoot = "";
			targets = (
				D3E27C7914C47C9700B8564F /* Disaster Response */,
			);
		};
/* End PBXProject section */

/* Begin PBXResourcesBuildPhase section */
		D3E27C7514C47C9700B8564F /* Resources */ = {
			isa = PBXResourcesBuildPhase;
			buildActionMask = 2147483647;
			files = (
				D3E27C9D14C47C9700B8564F /* InfoPlist.strings in Resources */,
				D3E27CA714C47C9700B8564F /* Localizable.strings in Resources */,
				D3E27CAB14C47C9700B8564F /* Localizable.strings in Resources */,
				D3E27CAE14C47C9700B8564F /* icon.png in Resources */,
				D3E27CB014C47C9700B8564F /* icon@2x.png in Resources */,
				D3E27CB214C47C9700B8564F /* icon-72.png in Resources */,
				D3E27CB514C47C9700B8564F /* Default.png in Resources */,
				D3E27CB714C47C9700B8564F /* Default@2x.png in Resources */,
				D3E27CB914C47C9700B8564F /* Capture.bundle in Resources */,
				D3E27CBB14C47C9700B8564F /* PhoneGap.plist in Resources */,
				D3E27CC814C47D1B00B8564F /* www in Resources */,
				D3A34AD314D87FCD00291432 /* ChildBrowser.bundle in Resources */,
				D3A34AD614D87FCD00291432 /* ChildBrowserViewController.xib in Resources */,
				D3A34AD814D87FCD00291432 /* PGNavigationBar.xib in Resources */,
			);
			runOnlyForDeploymentPostprocessing = 0;
		};
/* End PBXResourcesBuildPhase section */

/* Begin PBXShellScriptBuildPhase section */
		D3E27C7814C47C9700B8564F /* ShellScript */ = {
			isa = PBXShellScriptBuildPhase;
			buildActionMask = 2147483647;
			files = (
			);
			inputPaths = (
			);
			outputPaths = (
			);
			runOnlyForDeploymentPostprocessing = 0;
			shellPath = /bin/bash;
			shellScript = "\n\t\t\t\t\t\t\t\tif [ ! -d \"$PROJECT_DIR/www\" ] ; then\n\t\t\t\t\t\t\t\t\tcp -R /Users/Shared/PhoneGap/Frameworks/PhoneGap.framework/www \"$PROJECT_DIR\"\n\t\t\t\t\t\t\t\tfi\n\t\t\t\t\t\t\t\t# detect www folder reference in project, if missing, print warning\n\t\t\t\t\t\t\t\tgrep \"{isa = PBXFileReference; lastKnownFileType = folder; path = www; sourceTree = \\\"<group>\\\"; };\" \"$PROJECT_DIR/$PROJECT_NAME.xcodeproj/project.pbxproj\"\n\t\t\t\t\t\t\t\trc=$? \n\t\t\t\t\t\t\t\tif [ $rc != 0 ] ; then\n\t\t\t\t\t\t\t\techo -e \"warning: Missing - Add $PROJECT_DIR/www as a folder reference in your project. Just drag and drop the folder into your project, into the Project Navigator of Xcode 4. Make sure you select the second radio-button: 'Create folder references for any added folders' (which will create a blue folder)\" 1>&2\n\t\t\t\t\t\t\t\tfi\t\t\t\t\t\t\t";
		};
/* End PBXShellScriptBuildPhase section */

/* Begin PBXSourcesBuildPhase section */
		D3E27C7314C47C9700B8564F /* Sources */ = {
			isa = PBXSourcesBuildPhase;
			buildActionMask = 2147483647;
			files = (
				D3E27C9F14C47C9700B8564F /* main.m in Sources */,
				D3E27CBF14C47C9700B8564F /* AppDelegate.m in Sources */,
				D3A34AD214D87FCD00291432 /* Badge.m in Sources */,
				D3A34AD414D87FCD00291432 /* ChildBrowserCommand.m in Sources */,
				D3A34AD514D87FCD00291432 /* ChildBrowserViewController.m in Sources */,
				D3A34AD714D87FCD00291432 /* NativeControls.m in Sources */,
				D3A34AD914D87FCD00291432 /* PGNavigationBarController.m in Sources */,
			);
			runOnlyForDeploymentPostprocessing = 0;
		};
		D3E27C7614C47C9700B8564F /* Sources */ = {
			isa = PBXSourcesBuildPhase;
			buildActionMask = 2147483647;
			files = (
			);
			runOnlyForDeploymentPostprocessing = 0;
		};
/* End PBXSourcesBuildPhase section */

/* Begin PBXVariantGroup section */
		D3E27C9B14C47C9700B8564F /* InfoPlist.strings */ = {
			isa = PBXVariantGroup;
			children = (
				D3E27C9C14C47C9700B8564F /* en */,
			);
			name = InfoPlist.strings;
			sourceTree = "<group>";
		};
		D3E27CA514C47C9700B8564F /* Localizable.strings */ = {
			isa = PBXVariantGroup;
			children = (
				D3E27CA614C47C9700B8564F /* en */,
			);
			name = Localizable.strings;
			sourceTree = "<group>";
		};
		D3E27CA914C47C9700B8564F /* Localizable.strings */ = {
			isa = PBXVariantGroup;
			children = (
				D3E27CAA14C47C9700B8564F /* es */,
			);
			name = Localizable.strings;
			sourceTree = "<group>";
		};
/* End PBXVariantGroup section */

/* Begin XCBuildConfiguration section */
		D3E27CC214C47C9700B8564F /* Debug */ = {
			isa = XCBuildConfiguration;
			buildSettings = {
				ALWAYS_SEARCH_USER_PATHS = NO;
				ARCHS = "$(ARCHS_STANDARD_32_BIT)";
				CLANG_ENABLE_OBJC_ARC = YES;
				"CODE_SIGN_IDENTITY[sdk=iphoneos*]" = "iPhone Developer";
				COPY_PHASE_STRIP = NO;
				GCC_C_LANGUAGE_STANDARD = gnu99;
				GCC_DYNAMIC_NO_PIC = NO;
				GCC_OPTIMIZATION_LEVEL = 0;
				GCC_PREPROCESSOR_DEFINITIONS = (
					"DEBUG=1",
					"$(inherited)",
				);
				GCC_SYMBOLS_PRIVATE_EXTERN = NO;
				GCC_VERSION = com.apple.compilers.llvmgcc42;
				GCC_WARN_ABOUT_MISSING_PROTOTYPES = YES;
				GCC_WARN_ABOUT_RETURN_TYPE = YES;
				GCC_WARN_UNUSED_VARIABLE = YES;
				IPHONEOS_DEPLOYMENT_TARGET = 5.0;
				SDKROOT = iphoneos;
			};
			name = Debug;
		};
		D3E27CC314C47C9700B8564F /* Release */ = {
			isa = XCBuildConfiguration;
			buildSettings = {
				ALWAYS_SEARCH_USER_PATHS = NO;
				ARCHS = "$(ARCHS_STANDARD_32_BIT)";
				CLANG_ENABLE_OBJC_ARC = YES;
				"CODE_SIGN_IDENTITY[sdk=iphoneos*]" = "iPhone Developer";
				COPY_PHASE_STRIP = YES;
				GCC_C_LANGUAGE_STANDARD = gnu99;
				GCC_VERSION = com.apple.compilers.llvmgcc42;
				GCC_WARN_ABOUT_MISSING_PROTOTYPES = YES;
				GCC_WARN_ABOUT_RETURN_TYPE = YES;
				GCC_WARN_UNUSED_VARIABLE = YES;
				IPHONEOS_DEPLOYMENT_TARGET = 5.0;
				SDKROOT = iphoneos;
				VALIDATE_PRODUCT = YES;
			};
			name = Release;
		};
		D3E27CC514C47C9700B8564F /* Debug */ = {
			isa = XCBuildConfiguration;
			buildSettings = {
				ALWAYS_SEARCH_USER_PATHS = YES;
				COPY_PHASE_STRIP = NO;
				FRAMEWORK_SEARCH_PATHS = /Users/Shared/PhoneGap/Frameworks;
				GCC_DYNAMIC_NO_PIC = NO;
				GCC_PRECOMPILE_PREFIX_HEADER = YES;
				GCC_PREFIX_HEADER = "Disaster Response/Disaster Response-Prefix.pch";
				GCC_PREPROCESSOR_DEFINITIONS = "PHONEGAP_FRAMEWORK=YES";
				GCC_VERSION = com.apple.compilers.llvmgcc42;
				INFOPLIST_FILE = "Disaster Response/Disaster Response-Info.plist";
				OTHER_LDFLAGS = (
					"-weak_framework",
					UIKit,
					"-weak_framework",
					AVFoundation,
					"-weak_framework",
					CoreMedia,
					"-weak_library",
					/usr/lib/libSystem.B.dylib,
				);
				PRODUCT_NAME = "$(TARGET_NAME)";
				TARGETED_DEVICE_FAMILY = "1,2";
				WRAPPER_EXTENSION = app;
			};
			name = Debug;
		};
		D3E27CC614C47C9700B8564F /* Release */ = {
			isa = XCBuildConfiguration;
			buildSettings = {
				ALWAYS_SEARCH_USER_PATHS = YES;
				COPY_PHASE_STRIP = YES;
				DEBUG_INFORMATION_FORMAT = "dwarf-with-dsym";
				FRAMEWORK_SEARCH_PATHS = /Users/Shared/PhoneGap/Frameworks;
				GCC_PRECOMPILE_PREFIX_HEADER = YES;
				GCC_PREFIX_HEADER = "Disaster Response/Disaster Response-Prefix.pch";
				GCC_PREPROCESSOR_DEFINITIONS = "PHONEGAP_FRAMEWORK=YES";
				GCC_VERSION = com.apple.compilers.llvmgcc42;
				INFOPLIST_FILE = "Disaster Response/Disaster Response-Info.plist";
				OTHER_LDFLAGS = (
					"-weak_framework",
					UIKit,
					"-weak_framework",
					AVFoundation,
					"-weak_framework",
					CoreMedia,
					"-weak_library",
					/usr/lib/libSystem.B.dylib,
				);
				PRODUCT_NAME = "$(TARGET_NAME)";
				TARGETED_DEVICE_FAMILY = "1,2";
				VALIDATE_PRODUCT = YES;
				WRAPPER_EXTENSION = app;
			};
			name = Release;
		};
/* End XCBuildConfiguration section */

/* Begin XCConfigurationList section */
		D3E27C7114C47C9700B8564F /* Build configuration list for PBXProject "Disaster Response" */ = {
			isa = XCConfigurationList;
			buildConfigurations = (
				D3E27CC214C47C9700B8564F /* Debug */,
				D3E27CC314C47C9700B8564F /* Release */,
			);
			defaultConfigurationIsVisible = 0;
			defaultConfigurationName = Release;
		};
		D3E27CC414C47C9700B8564F /* Build configuration list for PBXNativeTarget "Disaster Response" */ = {
			isa = XCConfigurationList;
			buildConfigurations = (
				D3E27CC514C47C9700B8564F /* Debug */,
				D3E27CC614C47C9700B8564F /* Release */,
			);
			defaultConfigurationIsVisible = 0;
			defaultConfigurationName = Release;
		};
/* End XCConfigurationList section */
	};
	rootObject = D3E27C6E14C47C9700B8564F /* Project object */;
}
