// !$*UTF8*$!
{
	archiveVersion = 1;
	classes = {
	};
	objectVersion = 46;
	objects = {

/* Begin PBXBuildFile section */
		0CC2319B15404ECD00BE0FA6 /* Foundation.framework in Frameworks */ = {isa = PBXBuildFile; fileRef = 0CC2319A15404ECD00BE0FA6 /* Foundation.framework */; };
		0CC2319D15404ECD00BE0FA6 /* UIKit.framework in Frameworks */ = {isa = PBXBuildFile; fileRef = 0CC2319C15404ECD00BE0FA6 /* UIKit.framework */; };
		0CC2319F15404ECD00BE0FA6 /* CoreGraphics.framework in Frameworks */ = {isa = PBXBuildFile; fileRef = 0CC2319E15404ECD00BE0FA6 /* CoreGraphics.framework */; };
		0CC231A115404ECD00BE0FA6 /* AddressBook.framework in Frameworks */ = {isa = PBXBuildFile; fileRef = 0CC231A015404ECD00BE0FA6 /* AddressBook.framework */; };
		0CC231A315404ECD00BE0FA6 /* AddressBookUI.framework in Frameworks */ = {isa = PBXBuildFile; fileRef = 0CC231A215404ECD00BE0FA6 /* AddressBookUI.framework */; };
		0CC231A515404ECD00BE0FA6 /* AudioToolbox.framework in Frameworks */ = {isa = PBXBuildFile; fileRef = 0CC231A415404ECD00BE0FA6 /* AudioToolbox.framework */; };
		0CC231A715404ECD00BE0FA6 /* AVFoundation.framework in Frameworks */ = {isa = PBXBuildFile; fileRef = 0CC231A615404ECD00BE0FA6 /* AVFoundation.framework */; };
		0CC231A915404ECD00BE0FA6 /* CoreLocation.framework in Frameworks */ = {isa = PBXBuildFile; fileRef = 0CC231A815404ECD00BE0FA6 /* CoreLocation.framework */; };
		0CC231AB15404ECD00BE0FA6 /* MediaPlayer.framework in Frameworks */ = {isa = PBXBuildFile; fileRef = 0CC231AA15404ECD00BE0FA6 /* MediaPlayer.framework */; };
		0CC231AD15404ECD00BE0FA6 /* QuartzCore.framework in Frameworks */ = {isa = PBXBuildFile; fileRef = 0CC231AC15404ECD00BE0FA6 /* QuartzCore.framework */; };
		0CC231AF15404ECD00BE0FA6 /* SystemConfiguration.framework in Frameworks */ = {isa = PBXBuildFile; fileRef = 0CC231AE15404ECD00BE0FA6 /* SystemConfiguration.framework */; };
		0CC231B115404ECD00BE0FA6 /* MobileCoreServices.framework in Frameworks */ = {isa = PBXBuildFile; fileRef = 0CC231B015404ECD00BE0FA6 /* MobileCoreServices.framework */; };
		0CC231B315404ECD00BE0FA6 /* CoreMedia.framework in Frameworks */ = {isa = PBXBuildFile; fileRef = 0CC231B215404ECD00BE0FA6 /* CoreMedia.framework */; };
		0CC231B915404ECD00BE0FA6 /* InfoPlist.strings in Resources */ = {isa = PBXBuildFile; fileRef = 0CC231B715404ECD00BE0FA6 /* InfoPlist.strings */; };
		0CC231BB15404ECD00BE0FA6 /* main.m in Sources */ = {isa = PBXBuildFile; fileRef = 0CC231BA15404ECD00BE0FA6 /* main.m */; };
		0CC231BE15404ECD00BE0FA6 /* Cordova.framework in Frameworks */ = {isa = PBXBuildFile; fileRef = 0CC231BD15404ECD00BE0FA6 /* Cordova.framework */; };
		0CC231C315404ECD00BE0FA6 /* Localizable.strings in Resources */ = {isa = PBXBuildFile; fileRef = 0CC231C115404ECD00BE0FA6 /* Localizable.strings */; };
		0CC231C715404ECD00BE0FA6 /* Localizable.strings in Resources */ = {isa = PBXBuildFile; fileRef = 0CC231C515404ECD00BE0FA6 /* Localizable.strings */; };
		0CC231CB15404ECD00BE0FA6 /* Localizable.strings in Resources */ = {isa = PBXBuildFile; fileRef = 0CC231C915404ECD00BE0FA6 /* Localizable.strings */; };
		0CC231CF15404ECD00BE0FA6 /* Localizable.strings in Resources */ = {isa = PBXBuildFile; fileRef = 0CC231CD15404ECD00BE0FA6 /* Localizable.strings */; };
		0CC231D215404ECD00BE0FA6 /* icon.png in Resources */ = {isa = PBXBuildFile; fileRef = 0CC231D115404ECD00BE0FA6 /* icon.png */; };
		0CC231D415404ECD00BE0FA6 /* icon@2x.png in Resources */ = {isa = PBXBuildFile; fileRef = 0CC231D315404ECD00BE0FA6 /* icon@2x.png */; };
		0CC231D615404ECD00BE0FA6 /* icon-72.png in Resources */ = {isa = PBXBuildFile; fileRef = 0CC231D515404ECD00BE0FA6 /* icon-72.png */; };
		0CC231D915404ECD00BE0FA6 /* Default.png in Resources */ = {isa = PBXBuildFile; fileRef = 0CC231D815404ECD00BE0FA6 /* Default.png */; };
		0CC231DB15404ECD00BE0FA6 /* Default@2x.png in Resources */ = {isa = PBXBuildFile; fileRef = 0CC231DA15404ECD00BE0FA6 /* Default@2x.png */; };
		0CC231DD15404ECD00BE0FA6 /* Capture.bundle in Resources */ = {isa = PBXBuildFile; fileRef = 0CC231DC15404ECD00BE0FA6 /* Capture.bundle */; };
		0CC231DF15404ECD00BE0FA6 /* Cordova.plist in Resources */ = {isa = PBXBuildFile; fileRef = 0CC231DE15404ECD00BE0FA6 /* Cordova.plist */; };
		0CC231E315404ECD00BE0FA6 /* AppDelegate.m in Sources */ = {isa = PBXBuildFile; fileRef = 0CC231E215404ECD00BE0FA6 /* AppDelegate.m */; };
		0CC231E615404ECD00BE0FA6 /* MainViewController.m in Sources */ = {isa = PBXBuildFile; fileRef = 0CC231E515404ECD00BE0FA6 /* MainViewController.m */; };
		0CC231E815404ECD00BE0FA6 /* MainViewController.xib in Resources */ = {isa = PBXBuildFile; fileRef = 0CC231E715404ECD00BE0FA6 /* MainViewController.xib */; };
		0CC231EC15404ECD00BE0FA6 /* verify.sh in Resources */ = {isa = PBXBuildFile; fileRef = 0CC231EB15404ECD00BE0FA6 /* verify.sh */; };
		0CC231F315404F5300BE0FA6 /* www in Resources */ = {isa = PBXBuildFile; fileRef = 0CC231F215404F5300BE0FA6 /* www */; };
		0CC23209154064A000BE0FA6 /* Badge.m in Sources */ = {isa = PBXBuildFile; fileRef = 0CC23208154064A000BE0FA6 /* Badge.m */; };
/* End PBXBuildFile section */

/* Begin PBXFileReference section */
		0CC2319615404ECD00BE0FA6 /* Disaster Response.app */ = {isa = PBXFileReference; explicitFileType = wrapper.application; includeInIndex = 0; path = "Disaster Response.app"; sourceTree = BUILT_PRODUCTS_DIR; };
		0CC2319A15404ECD00BE0FA6 /* Foundation.framework */ = {isa = PBXFileReference; lastKnownFileType = wrapper.framework; name = Foundation.framework; path = System/Library/Frameworks/Foundation.framework; sourceTree = SDKROOT; };
		0CC2319C15404ECD00BE0FA6 /* UIKit.framework */ = {isa = PBXFileReference; lastKnownFileType = wrapper.framework; name = UIKit.framework; path = System/Library/Frameworks/UIKit.framework; sourceTree = SDKROOT; };
		0CC2319E15404ECD00BE0FA6 /* CoreGraphics.framework */ = {isa = PBXFileReference; lastKnownFileType = wrapper.framework; name = CoreGraphics.framework; path = System/Library/Frameworks/CoreGraphics.framework; sourceTree = SDKROOT; };
		0CC231A015404ECD00BE0FA6 /* AddressBook.framework */ = {isa = PBXFileReference; lastKnownFileType = wrapper.framework; name = AddressBook.framework; path = System/Library/Frameworks/AddressBook.framework; sourceTree = SDKROOT; };
		0CC231A215404ECD00BE0FA6 /* AddressBookUI.framework */ = {isa = PBXFileReference; lastKnownFileType = wrapper.framework; name = AddressBookUI.framework; path = System/Library/Frameworks/AddressBookUI.framework; sourceTree = SDKROOT; };
		0CC231A415404ECD00BE0FA6 /* AudioToolbox.framework */ = {isa = PBXFileReference; lastKnownFileType = wrapper.framework; name = AudioToolbox.framework; path = System/Library/Frameworks/AudioToolbox.framework; sourceTree = SDKROOT; };
		0CC231A615404ECD00BE0FA6 /* AVFoundation.framework */ = {isa = PBXFileReference; lastKnownFileType = wrapper.framework; name = AVFoundation.framework; path = System/Library/Frameworks/AVFoundation.framework; sourceTree = SDKROOT; };
		0CC231A815404ECD00BE0FA6 /* CoreLocation.framework */ = {isa = PBXFileReference; lastKnownFileType = wrapper.framework; name = CoreLocation.framework; path = System/Library/Frameworks/CoreLocation.framework; sourceTree = SDKROOT; };
		0CC231AA15404ECD00BE0FA6 /* MediaPlayer.framework */ = {isa = PBXFileReference; lastKnownFileType = wrapper.framework; name = MediaPlayer.framework; path = System/Library/Frameworks/MediaPlayer.framework; sourceTree = SDKROOT; };
		0CC231AC15404ECD00BE0FA6 /* QuartzCore.framework */ = {isa = PBXFileReference; lastKnownFileType = wrapper.framework; name = QuartzCore.framework; path = System/Library/Frameworks/QuartzCore.framework; sourceTree = SDKROOT; };
		0CC231AE15404ECD00BE0FA6 /* SystemConfiguration.framework */ = {isa = PBXFileReference; lastKnownFileType = wrapper.framework; name = SystemConfiguration.framework; path = System/Library/Frameworks/SystemConfiguration.framework; sourceTree = SDKROOT; };
		0CC231B015404ECD00BE0FA6 /* MobileCoreServices.framework */ = {isa = PBXFileReference; lastKnownFileType = wrapper.framework; name = MobileCoreServices.framework; path = System/Library/Frameworks/MobileCoreServices.framework; sourceTree = SDKROOT; };
		0CC231B215404ECD00BE0FA6 /* CoreMedia.framework */ = {isa = PBXFileReference; lastKnownFileType = wrapper.framework; name = CoreMedia.framework; path = System/Library/Frameworks/CoreMedia.framework; sourceTree = SDKROOT; };
		0CC231B615404ECD00BE0FA6 /* Disaster Response-Info.plist */ = {isa = PBXFileReference; lastKnownFileType = text.plist.xml; path = "Disaster Response-Info.plist"; sourceTree = "<group>"; };
		0CC231B815404ECD00BE0FA6 /* en */ = {isa = PBXFileReference; lastKnownFileType = text.plist.strings; name = en; path = en.lproj/InfoPlist.strings; sourceTree = "<group>"; };
		0CC231BA15404ECD00BE0FA6 /* main.m */ = {isa = PBXFileReference; lastKnownFileType = sourcecode.c.objc; path = main.m; sourceTree = "<group>"; };
		0CC231BC15404ECD00BE0FA6 /* Disaster Response-Prefix.pch */ = {isa = PBXFileReference; lastKnownFileType = sourcecode.c.h; path = "Disaster Response-Prefix.pch"; sourceTree = "<group>"; };
		0CC231BD15404ECD00BE0FA6 /* Cordova.framework */ = {isa = PBXFileReference; lastKnownFileType = wrapper.framework; name = Cordova.framework; path = ../../../Shared/Cordova/Frameworks/Cordova.framework; sourceTree = CORDOVALIB; };
		0CC231C215404ECD00BE0FA6 /* en */ = {isa = PBXFileReference; lastKnownFileType = text.plist.strings; name = en; path = Resources/en.lproj/Localizable.strings; sourceTree = "<group>"; };
		0CC231C615404ECD00BE0FA6 /* es */ = {isa = PBXFileReference; lastKnownFileType = text.plist.strings; name = es; path = Resources/es.lproj/Localizable.strings; sourceTree = "<group>"; };
		0CC231CA15404ECD00BE0FA6 /* de */ = {isa = PBXFileReference; lastKnownFileType = text.plist.strings; name = de; path = Resources/de.lproj/Localizable.strings; sourceTree = "<group>"; };
		0CC231CE15404ECD00BE0FA6 /* se */ = {isa = PBXFileReference; lastKnownFileType = text.plist.strings; name = se; path = Resources/se.lproj/Localizable.strings; sourceTree = "<group>"; };
		0CC231D115404ECD00BE0FA6 /* icon.png */ = {isa = PBXFileReference; lastKnownFileType = image.png; name = icon.png; path = Resources/icons/icon.png; sourceTree = "<group>"; };
		0CC231D315404ECD00BE0FA6 /* icon@2x.png */ = {isa = PBXFileReference; lastKnownFileType = image.png; name = "icon@2x.png"; path = "Resources/icons/icon@2x.png"; sourceTree = "<group>"; };
		0CC231D515404ECD00BE0FA6 /* icon-72.png */ = {isa = PBXFileReference; lastKnownFileType = image.png; name = "icon-72.png"; path = "Resources/icons/icon-72.png"; sourceTree = "<group>"; };
		0CC231D815404ECD00BE0FA6 /* Default.png */ = {isa = PBXFileReference; lastKnownFileType = image.png; name = Default.png; path = Resources/splash/Default.png; sourceTree = "<group>"; };
		0CC231DA15404ECD00BE0FA6 /* Default@2x.png */ = {isa = PBXFileReference; lastKnownFileType = image.png; name = "Default@2x.png"; path = "Resources/splash/Default@2x.png"; sourceTree = "<group>"; };
		0CC231DC15404ECD00BE0FA6 /* Capture.bundle */ = {isa = PBXFileReference; lastKnownFileType = "wrapper.plug-in"; name = Capture.bundle; path = Resources/Capture.bundle; sourceTree = "<group>"; };
		0CC231DE15404ECD00BE0FA6 /* Cordova.plist */ = {isa = PBXFileReference; lastKnownFileType = text.plist.xml; path = Cordova.plist; sourceTree = "<group>"; };
		0CC231E115404ECD00BE0FA6 /* AppDelegate.h */ = {isa = PBXFileReference; lastKnownFileType = sourcecode.c.h; name = AppDelegate.h; path = Classes/AppDelegate.h; sourceTree = "<group>"; };
		0CC231E215404ECD00BE0FA6 /* AppDelegate.m */ = {isa = PBXFileReference; lastKnownFileType = sourcecode.c.objc; name = AppDelegate.m; path = Classes/AppDelegate.m; sourceTree = "<group>"; };
		0CC231E415404ECD00BE0FA6 /* MainViewController.h */ = {isa = PBXFileReference; lastKnownFileType = sourcecode.c.h; name = MainViewController.h; path = Classes/MainViewController.h; sourceTree = "<group>"; };
		0CC231E515404ECD00BE0FA6 /* MainViewController.m */ = {isa = PBXFileReference; lastKnownFileType = sourcecode.c.objc; name = MainViewController.m; path = Classes/MainViewController.m; sourceTree = "<group>"; };
		0CC231E715404ECD00BE0FA6 /* MainViewController.xib */ = {isa = PBXFileReference; lastKnownFileType = file.xib; name = MainViewController.xib; path = Classes/MainViewController.xib; sourceTree = "<group>"; };
		0CC231EA15404ECD00BE0FA6 /* README */ = {isa = PBXFileReference; lastKnownFileType = text; name = README; path = Plugins/README; sourceTree = "<group>"; };
		0CC231EB15404ECD00BE0FA6 /* verify.sh */ = {isa = PBXFileReference; lastKnownFileType = text.script.sh; path = verify.sh; sourceTree = "<group>"; };
		0CC231F215404F5300BE0FA6 /* www */ = {isa = PBXFileReference; lastKnownFileType = folder; path = www; sourceTree = "<group>"; };
		0CC23207154064A000BE0FA6 /* Badge.h */ = {isa = PBXFileReference; fileEncoding = 4; lastKnownFileType = sourcecode.c.h; path = Badge.h; sourceTree = "<group>"; };
		0CC23208154064A000BE0FA6 /* Badge.m */ = {isa = PBXFileReference; fileEncoding = 4; lastKnownFileType = sourcecode.c.objc; path = Badge.m; sourceTree = "<group>"; };
/* End PBXFileReference section */

/* Begin PBXFrameworksBuildPhase section */
		0CC2319015404ECD00BE0FA6 /* Frameworks */ = {
			isa = PBXFrameworksBuildPhase;
			buildActionMask = 2147483647;
			files = (
				0CC2319B15404ECD00BE0FA6 /* Foundation.framework in Frameworks */,
				0CC2319D15404ECD00BE0FA6 /* UIKit.framework in Frameworks */,
				0CC2319F15404ECD00BE0FA6 /* CoreGraphics.framework in Frameworks */,
				0CC231A115404ECD00BE0FA6 /* AddressBook.framework in Frameworks */,
				0CC231A315404ECD00BE0FA6 /* AddressBookUI.framework in Frameworks */,
				0CC231A515404ECD00BE0FA6 /* AudioToolbox.framework in Frameworks */,
				0CC231A715404ECD00BE0FA6 /* AVFoundation.framework in Frameworks */,
				0CC231A915404ECD00BE0FA6 /* CoreLocation.framework in Frameworks */,
				0CC231AB15404ECD00BE0FA6 /* MediaPlayer.framework in Frameworks */,
				0CC231AD15404ECD00BE0FA6 /* QuartzCore.framework in Frameworks */,
				0CC231AF15404ECD00BE0FA6 /* SystemConfiguration.framework in Frameworks */,
				0CC231B115404ECD00BE0FA6 /* MobileCoreServices.framework in Frameworks */,
				0CC231B315404ECD00BE0FA6 /* CoreMedia.framework in Frameworks */,
				0CC231BE15404ECD00BE0FA6 /* Cordova.framework in Frameworks */,
			);
			runOnlyForDeploymentPostprocessing = 0;
		};
		0CC2319315404ECD00BE0FA6 /* Frameworks */ = {
			isa = PBXFrameworksBuildPhase;
			buildActionMask = 2147483647;
			files = (
			);
			runOnlyForDeploymentPostprocessing = 0;
		};
/* End PBXFrameworksBuildPhase section */

/* Begin PBXGroup section */
		0CC2318815404ECD00BE0FA6 = {
			isa = PBXGroup;
			children = (
				0CC231F215404F5300BE0FA6 /* www */,
				0CC231B415404ECD00BE0FA6 /* Disaster Response */,
				0CC2319915404ECD00BE0FA6 /* Frameworks */,
				0CC2319715404ECD00BE0FA6 /* Products */,
			);
			sourceTree = "<group>";
		};
		0CC2319715404ECD00BE0FA6 /* Products */ = {
			isa = PBXGroup;
			children = (
				0CC2319615404ECD00BE0FA6 /* Disaster Response.app */,
			);
			name = Products;
			sourceTree = "<group>";
		};
		0CC2319915404ECD00BE0FA6 /* Frameworks */ = {
			isa = PBXGroup;
			children = (
				0CC2319A15404ECD00BE0FA6 /* Foundation.framework */,
				0CC2319C15404ECD00BE0FA6 /* UIKit.framework */,
				0CC2319E15404ECD00BE0FA6 /* CoreGraphics.framework */,
				0CC231A015404ECD00BE0FA6 /* AddressBook.framework */,
				0CC231A215404ECD00BE0FA6 /* AddressBookUI.framework */,
				0CC231A415404ECD00BE0FA6 /* AudioToolbox.framework */,
				0CC231A615404ECD00BE0FA6 /* AVFoundation.framework */,
				0CC231A815404ECD00BE0FA6 /* CoreLocation.framework */,
				0CC231AA15404ECD00BE0FA6 /* MediaPlayer.framework */,
				0CC231AC15404ECD00BE0FA6 /* QuartzCore.framework */,
				0CC231AE15404ECD00BE0FA6 /* SystemConfiguration.framework */,
				0CC231B015404ECD00BE0FA6 /* MobileCoreServices.framework */,
				0CC231B215404ECD00BE0FA6 /* CoreMedia.framework */,
			);
			name = Frameworks;
			sourceTree = "<group>";
		};
		0CC231B415404ECD00BE0FA6 /* Disaster Response */ = {
			isa = PBXGroup;
			children = (
				0CC231BD15404ECD00BE0FA6 /* Cordova.framework */,
				0CC231BF15404ECD00BE0FA6 /* Resources */,
				0CC231E015404ECD00BE0FA6 /* Classes */,
				0CC231E915404ECD00BE0FA6 /* Plugins */,
				0CC231B515404ECD00BE0FA6 /* Supporting Files */,
			);
			path = "Disaster Response";
			sourceTree = "<group>";
		};
		0CC231B515404ECD00BE0FA6 /* Supporting Files */ = {
			isa = PBXGroup;
			children = (
				0CC231B615404ECD00BE0FA6 /* Disaster Response-Info.plist */,
				0CC231B715404ECD00BE0FA6 /* InfoPlist.strings */,
				0CC231BA15404ECD00BE0FA6 /* main.m */,
				0CC231BC15404ECD00BE0FA6 /* Disaster Response-Prefix.pch */,
				0CC231DE15404ECD00BE0FA6 /* Cordova.plist */,
				0CC231E715404ECD00BE0FA6 /* MainViewController.xib */,
				0CC231EB15404ECD00BE0FA6 /* verify.sh */,
			);
			name = "Supporting Files";
			sourceTree = "<group>";
		};
		0CC231BF15404ECD00BE0FA6 /* Resources */ = {
			isa = PBXGroup;
			children = (
				0CC231DC15404ECD00BE0FA6 /* Capture.bundle */,
				0CC231C015404ECD00BE0FA6 /* en.lproj */,
				0CC231C415404ECD00BE0FA6 /* es.lproj */,
				0CC231C815404ECD00BE0FA6 /* de.lproj */,
				0CC231CC15404ECD00BE0FA6 /* se.lproj */,
				0CC231D015404ECD00BE0FA6 /* icons */,
				0CC231D715404ECD00BE0FA6 /* splash */,
			);
			name = Resources;
			sourceTree = "<group>";
		};
		0CC231C015404ECD00BE0FA6 /* en.lproj */ = {
			isa = PBXGroup;
			children = (
				0CC231C115404ECD00BE0FA6 /* Localizable.strings */,
			);
			name = en.lproj;
			sourceTree = "<group>";
		};
		0CC231C415404ECD00BE0FA6 /* es.lproj */ = {
			isa = PBXGroup;
			children = (
				0CC231C515404ECD00BE0FA6 /* Localizable.strings */,
			);
			name = es.lproj;
			sourceTree = "<group>";
		};
		0CC231C815404ECD00BE0FA6 /* de.lproj */ = {
			isa = PBXGroup;
			children = (
				0CC231C915404ECD00BE0FA6 /* Localizable.strings */,
			);
			name = de.lproj;
			sourceTree = "<group>";
		};
		0CC231CC15404ECD00BE0FA6 /* se.lproj */ = {
			isa = PBXGroup;
			children = (
				0CC231CD15404ECD00BE0FA6 /* Localizable.strings */,
			);
			name = se.lproj;
			sourceTree = "<group>";
		};
		0CC231D015404ECD00BE0FA6 /* icons */ = {
			isa = PBXGroup;
			children = (
				0CC231D115404ECD00BE0FA6 /* icon.png */,
				0CC231D315404ECD00BE0FA6 /* icon@2x.png */,
				0CC231D515404ECD00BE0FA6 /* icon-72.png */,
			);
			name = icons;
			sourceTree = "<group>";
		};
		0CC231D715404ECD00BE0FA6 /* splash */ = {
			isa = PBXGroup;
			children = (
				0CC231D815404ECD00BE0FA6 /* Default.png */,
				0CC231DA15404ECD00BE0FA6 /* Default@2x.png */,
			);
			name = splash;
			sourceTree = "<group>";
		};
		0CC231E015404ECD00BE0FA6 /* Classes */ = {
			isa = PBXGroup;
			children = (
				0CC231E115404ECD00BE0FA6 /* AppDelegate.h */,
				0CC231E215404ECD00BE0FA6 /* AppDelegate.m */,
				0CC231E415404ECD00BE0FA6 /* MainViewController.h */,
				0CC231E515404ECD00BE0FA6 /* MainViewController.m */,
			);
			name = Classes;
			sourceTree = "<group>";
		};
		0CC231E915404ECD00BE0FA6 /* Plugins */ = {
			isa = PBXGroup;
			children = (
				0CC23206154064A000BE0FA6 /* Badge */,
				0CC231EA15404ECD00BE0FA6 /* README */,
			);
			name = Plugins;
			sourceTree = "<group>";
		};
		0CC23206154064A000BE0FA6 /* Badge */ = {
			isa = PBXGroup;
			children = (
				0CC23207154064A000BE0FA6 /* Badge.h */,
				0CC23208154064A000BE0FA6 /* Badge.m */,
			);
			name = Badge;
			path = Plugins/Badge;
			sourceTree = "<group>";
		};
/* End PBXGroup section */

/* Begin PBXNativeTarget section */
		0CC2319515404ECD00BE0FA6 /* Disaster Response */ = {
			isa = PBXNativeTarget;
			buildConfigurationList = 0CC231EF15404ECD00BE0FA6 /* Build configuration list for PBXNativeTarget "Disaster Response" */;
			buildPhases = (
				0CC2318F15404ECD00BE0FA6 /* Sources */,
				0CC2319015404ECD00BE0FA6 /* Frameworks */,
				0CC2319115404ECD00BE0FA6 /* Resources */,
				0CC2319215404ECD00BE0FA6 /* Sources */,
				0CC2319315404ECD00BE0FA6 /* Frameworks */,
				0CC2319415404ECD00BE0FA6 /* ShellScript */,
			);
			buildRules = (
			);
			dependencies = (
			);
			name = "Disaster Response";
			productName = "Disaster Response";
			productReference = 0CC2319615404ECD00BE0FA6 /* Disaster Response.app */;
			productType = "com.apple.product-type.application";
		};
/* End PBXNativeTarget section */

/* Begin PBXProject section */
		0CC2318A15404ECD00BE0FA6 /* Project object */ = {
			isa = PBXProject;
			attributes = {
				LastUpgradeCheck = 0430;
				ORGANIZATIONNAME = "LMN Solutions";
			};
			buildConfigurationList = 0CC2318D15404ECD00BE0FA6 /* Build configuration list for PBXProject "Disaster Response" */;
			compatibilityVersion = "Xcode 3.2";
			developmentRegion = English;
			hasScannedForEncodings = 0;
			knownRegions = (
				en,
				es,
				de,
				se,
			);
			mainGroup = 0CC2318815404ECD00BE0FA6;
			productRefGroup = 0CC2319715404ECD00BE0FA6 /* Products */;
			projectDirPath = "";
			projectRoot = "";
			targets = (
				0CC2319515404ECD00BE0FA6 /* Disaster Response */,
			);
		};
/* End PBXProject section */

/* Begin PBXResourcesBuildPhase section */
		0CC2319115404ECD00BE0FA6 /* Resources */ = {
			isa = PBXResourcesBuildPhase;
			buildActionMask = 2147483647;
			files = (
				0CC231B915404ECD00BE0FA6 /* InfoPlist.strings in Resources */,
				0CC231C315404ECD00BE0FA6 /* Localizable.strings in Resources */,
				0CC231C715404ECD00BE0FA6 /* Localizable.strings in Resources */,
				0CC231CB15404ECD00BE0FA6 /* Localizable.strings in Resources */,
				0CC231CF15404ECD00BE0FA6 /* Localizable.strings in Resources */,
				0CC231D215404ECD00BE0FA6 /* icon.png in Resources */,
				0CC231D415404ECD00BE0FA6 /* icon@2x.png in Resources */,
				0CC231D615404ECD00BE0FA6 /* icon-72.png in Resources */,
				0CC231D915404ECD00BE0FA6 /* Default.png in Resources */,
				0CC231DB15404ECD00BE0FA6 /* Default@2x.png in Resources */,
				0CC231DD15404ECD00BE0FA6 /* Capture.bundle in Resources */,
				0CC231DF15404ECD00BE0FA6 /* Cordova.plist in Resources */,
				0CC231E815404ECD00BE0FA6 /* MainViewController.xib in Resources */,
				0CC231EC15404ECD00BE0FA6 /* verify.sh in Resources */,
				0CC231F315404F5300BE0FA6 /* www in Resources */,
			);
			runOnlyForDeploymentPostprocessing = 0;
		};
/* End PBXResourcesBuildPhase section */

/* Begin PBXShellScriptBuildPhase section */
		0CC2319415404ECD00BE0FA6 /* ShellScript */ = {
			isa = PBXShellScriptBuildPhase;
			buildActionMask = 2147483647;
			files = (
			);
			inputPaths = (
			);
			outputPaths = (
			);
			runOnlyForDeploymentPostprocessing = 0;
			shellPath = /bin/bash;
			shellScript = "\n\t\t\t\t\t\t\t\tchmod 755 \"$PROJECT_DIR/$PROJECT_NAME/verify.sh\"\n\t\t\t\t\t\t\t\t\"$PROJECT_DIR/$PROJECT_NAME/verify.sh\"\n\t\t\t\t\t";
		};
/* End PBXShellScriptBuildPhase section */

/* Begin PBXSourcesBuildPhase section */
		0CC2318F15404ECD00BE0FA6 /* Sources */ = {
			isa = PBXSourcesBuildPhase;
			buildActionMask = 2147483647;
			files = (
				0CC231BB15404ECD00BE0FA6 /* main.m in Sources */,
				0CC231E315404ECD00BE0FA6 /* AppDelegate.m in Sources */,
				0CC231E615404ECD00BE0FA6 /* MainViewController.m in Sources */,
				0CC23209154064A000BE0FA6 /* Badge.m in Sources */,
			);
			runOnlyForDeploymentPostprocessing = 0;
		};
		0CC2319215404ECD00BE0FA6 /* Sources */ = {
			isa = PBXSourcesBuildPhase;
			buildActionMask = 2147483647;
			files = (
			);
			runOnlyForDeploymentPostprocessing = 0;
		};
/* End PBXSourcesBuildPhase section */

/* Begin PBXVariantGroup section */
		0CC231B715404ECD00BE0FA6 /* InfoPlist.strings */ = {
			isa = PBXVariantGroup;
			children = (
				0CC231B815404ECD00BE0FA6 /* en */,
			);
			name = InfoPlist.strings;
			sourceTree = "<group>";
		};
		0CC231C115404ECD00BE0FA6 /* Localizable.strings */ = {
			isa = PBXVariantGroup;
			children = (
				0CC231C215404ECD00BE0FA6 /* en */,
			);
			name = Localizable.strings;
			sourceTree = "<group>";
		};
		0CC231C515404ECD00BE0FA6 /* Localizable.strings */ = {
			isa = PBXVariantGroup;
			children = (
				0CC231C615404ECD00BE0FA6 /* es */,
			);
			name = Localizable.strings;
			sourceTree = "<group>";
		};
		0CC231C915404ECD00BE0FA6 /* Localizable.strings */ = {
			isa = PBXVariantGroup;
			children = (
				0CC231CA15404ECD00BE0FA6 /* de */,
			);
			name = Localizable.strings;
			sourceTree = "<group>";
		};
		0CC231CD15404ECD00BE0FA6 /* Localizable.strings */ = {
			isa = PBXVariantGroup;
			children = (
				0CC231CE15404ECD00BE0FA6 /* se */,
			);
			name = Localizable.strings;
			sourceTree = "<group>";
		};
/* End PBXVariantGroup section */

/* Begin XCBuildConfiguration section */
		0CC231ED15404ECD00BE0FA6 /* Debug */ = {
			isa = XCBuildConfiguration;
			buildSettings = {
				ALWAYS_SEARCH_USER_PATHS = NO;
				ARCHS = (
					armv6,
					"$(ARCHS_STANDARD_32_BIT)",
				);
				CODE_SIGN_IDENTITY = "";
				"CODE_SIGN_IDENTITY[sdk=iphoneos*]" = "iPhone Developer";
				COPY_PHASE_STRIP = NO;
				GCC_C_LANGUAGE_STANDARD = gnu99;
				GCC_DYNAMIC_NO_PIC = NO;
				GCC_OPTIMIZATION_LEVEL = 0;
				GCC_PREPROCESSOR_DEFINITIONS = (
					"DEBUG=1",
					"$(inherited)",
				);
				GCC_SYMBOLS_PRIVATE_EXTERN = NO;
				GCC_VERSION = com.apple.compilers.llvm.clang.1_0;
				GCC_WARN_ABOUT_RETURN_TYPE = YES;
				GCC_WARN_UNINITIALIZED_AUTOS = YES;
				GCC_WARN_UNUSED_VARIABLE = YES;
				IPHONEOS_DEPLOYMENT_TARGET = 3.0;
				"PROVISIONING_PROFILE[sdk=iphoneos*]" = "";
				SDKROOT = iphoneos;
			};
			name = Debug;
		};
		0CC231EE15404ECD00BE0FA6 /* Release */ = {
			isa = XCBuildConfiguration;
			buildSettings = {
				ALWAYS_SEARCH_USER_PATHS = NO;
				ARCHS = (
					armv6,
					"$(ARCHS_STANDARD_32_BIT)",
				);
				CODE_SIGN_IDENTITY = "";
				"CODE_SIGN_IDENTITY[sdk=iphoneos*]" = "iPhone Developer";
				COPY_PHASE_STRIP = YES;
				GCC_C_LANGUAGE_STANDARD = gnu99;
				GCC_VERSION = com.apple.compilers.llvm.clang.1_0;
				GCC_WARN_ABOUT_RETURN_TYPE = YES;
				GCC_WARN_UNINITIALIZED_AUTOS = YES;
				GCC_WARN_UNUSED_VARIABLE = YES;
				IPHONEOS_DEPLOYMENT_TARGET = 3.0;
				"PROVISIONING_PROFILE[sdk=iphoneos*]" = "";
				SDKROOT = iphoneos;
				VALIDATE_PRODUCT = YES;
			};
			name = Release;
		};
		0CC231F015404ECD00BE0FA6 /* Debug */ = {
			isa = XCBuildConfiguration;
			buildSettings = {
				ALWAYS_SEARCH_USER_PATHS = YES;
				COPY_PHASE_STRIP = NO;
				FRAMEWORK_SEARCH_PATHS = /Users/Shared/Cordova/Frameworks;
				GCC_DYNAMIC_NO_PIC = NO;
				GCC_PRECOMPILE_PREFIX_HEADER = YES;
				GCC_PREFIX_HEADER = "Disaster Response/Disaster Response-Prefix.pch";
				GCC_PREPROCESSOR_DEFINITIONS = (
					"DEBUG=1,",
					"CORDOVA_FRAMEWORK=1",
				);
				INFOPLIST_FILE = "Disaster Response/Disaster Response-Info.plist";
				OTHER_LDFLAGS = (
					"-weak_framework",
					UIKit,
					"-weak_framework",
					AVFoundation,
					"-weak_framework",
					CoreMedia,
					"-weak_library",
					/usr/lib/libSystem.B.dylib,
				);
				PRODUCT_NAME = "$(TARGET_NAME)";
				TARGETED_DEVICE_FAMILY = "1,2";
				WRAPPER_EXTENSION = app;
			};
			name = Debug;
		};
		0CC231F115404ECD00BE0FA6 /* Release */ = {
			isa = XCBuildConfiguration;
			buildSettings = {
				ALWAYS_SEARCH_USER_PATHS = YES;
				COPY_PHASE_STRIP = YES;
				DEBUG_INFORMATION_FORMAT = "dwarf-with-dsym";
				FRAMEWORK_SEARCH_PATHS = /Users/Shared/Cordova/Frameworks;
				GCC_PRECOMPILE_PREFIX_HEADER = YES;
				GCC_PREFIX_HEADER = "Disaster Response/Disaster Response-Prefix.pch";
				GCC_PREPROCESSOR_DEFINITIONS = (
					"NDEBUG=1,",
					"CORDOVA_FRAMEWORK=1",
				);
				INFOPLIST_FILE = "Disaster Response/Disaster Response-Info.plist";
				OTHER_LDFLAGS = (
					"-weak_framework",
					UIKit,
					"-weak_framework",
					AVFoundation,
					"-weak_framework",
					CoreMedia,
					"-weak_library",
					/usr/lib/libSystem.B.dylib,
				);
				PRODUCT_NAME = "$(TARGET_NAME)";
				TARGETED_DEVICE_FAMILY = "1,2";
				VALIDATE_PRODUCT = YES;
				WRAPPER_EXTENSION = app;
			};
			name = Release;
		};
/* End XCBuildConfiguration section */

/* Begin XCConfigurationList section */
		0CC2318D15404ECD00BE0FA6 /* Build configuration list for PBXProject "Disaster Response" */ = {
			isa = XCConfigurationList;
			buildConfigurations = (
				0CC231ED15404ECD00BE0FA6 /* Debug */,
				0CC231EE15404ECD00BE0FA6 /* Release */,
			);
			defaultConfigurationIsVisible = 0;
			defaultConfigurationName = Release;
		};
		0CC231EF15404ECD00BE0FA6 /* Build configuration list for PBXNativeTarget "Disaster Response" */ = {
			isa = XCConfigurationList;
			buildConfigurations = (
				0CC231F015404ECD00BE0FA6 /* Debug */,
				0CC231F115404ECD00BE0FA6 /* Release */,
			);
			defaultConfigurationIsVisible = 0;
			defaultConfigurationName = Release;
		};
/* End XCConfigurationList section */
	};
	rootObject = 0CC2318A15404ECD00BE0FA6 /* Project object */;
}
